
Microsoft Visual Studio Solution File, Format Version 12.00
# Visual Studio Version 17
VisualStudioVersion = 17.1.32210.238
MinimumVisualStudioVersion = 10.0.40219.1
Project("{FAE04EC0-301F-11D3-BF4B-00C04F79EFBC}") = "modul4_1302201140", "modul4_1302201140\modul4_1302201140.csproj", "{3B2B2E30-851E-4E54-AB7F-9C54CC971B75}"
EndProject
Global
	GlobalSection(SolutionConfigurationPlatforms) = preSolution
		Debug|Any CPU = Debug|Any CPU
		Release|Any CPU = Release|Any CPU
	EndGlobalSection
	GlobalSection(ProjectConfigurationPlatforms) = postSolution
		{3B2B2E30-851E-4E54-AB7F-9C54CC971B75}.Debug|Any CPU.ActiveCfg = Debug|Any CPU
		{3B2B2E30-851E-4E54-AB7F-9C54CC971B75}.Debug|Any CPU.Build.0 = Debug|Any CPU
		{3B2B2E30-851E-4E54-AB7F-9C54CC971B75}.Release|Any CPU.ActiveCfg = Release|Any CPU
		{3B2B2E30-851E-4E54-AB7F-9C54CC971B75}.Release|Any CPU.Build.0 = Release|Any CPU
	EndGlobalSection
	GlobalSection(SolutionProperties) = preSolution
		HideSolutionNode = FALSE
	EndGlobalSection
	GlobalSection(ExtensibilityGlobals) = postSolution
		SolutionGuid = {0E8794CD-9475-45A4-8175-9F8C74EE181A}
	EndGlobalSection
EndGlobal
